
Microsoft Visual Studio Solution File, Format Version 12.00
# Visual Studio 14
VisualStudioVersion = 14.0.24720.0
MinimumVisualStudioVersion = 10.0.40219.1
Project("{FAE04EC0-301F-11D3-BF4B-00C04F79EFBC}") = "IndividualAssignment", "IndividualAssignment\IndividualAssignment.csproj", "{E7CCDB1C-18C1-4DB4-B185-8AEB12E7CF70}"
EndProject
Project("{FAE04EC0-301F-11D3-BF4B-00C04F79EFBC}") = "ProjectHuman.DB", "ProjectHuman.DB\ProjectHuman.DB.csproj", "{9FEB2EDF-6169-4510-9C45-15A0CAB3171E}"
EndProject
Project("{FAE04EC0-301F-11D3-BF4B-00C04F79EFBC}") = "ProjectHuman.Wpf", "ProjectHuman.Wpf\ProjectHuman.Wpf.csproj", "{85AA84F7-5B07-4352-A0ED-B60A9501930C}"
EndProject
Project("{FAE04EC0-301F-11D3-BF4B-00C04F79EFBC}") = "ProjectHuman.Lib", "ProjectHuman.Lib\ProjectHuman.Lib.csproj", "{C260923F-C832-4F00-AEAB-B95CBDDA975A}"
EndProject
Project("{FAE04EC0-301F-11D3-BF4B-00C04F79EFBC}") = "ProjectHuman.Test", "ProjectHuman.Test\ProjectHuman.Test.csproj", "{04B25D70-C5C5-4A36-BB4A-34F94424E3A0}"
EndProject
Global
	GlobalSection(SolutionConfigurationPlatforms) = preSolution
		Debug|Any CPU = Debug|Any CPU
		Debug|ARM = Debug|ARM
		Debug|x64 = Debug|x64
		Debug|x86 = Debug|x86
		Release|Any CPU = Release|Any CPU
		Release|ARM = Release|ARM
		Release|x64 = Release|x64
		Release|x86 = Release|x86
	EndGlobalSection
	GlobalSection(ProjectConfigurationPlatforms) = postSolution
		{E7CCDB1C-18C1-4DB4-B185-8AEB12E7CF70}.Debug|Any CPU.ActiveCfg = Debug|Any CPU
		{E7CCDB1C-18C1-4DB4-B185-8AEB12E7CF70}.Debug|Any CPU.Build.0 = Debug|Any CPU
		{E7CCDB1C-18C1-4DB4-B185-8AEB12E7CF70}.Debug|ARM.ActiveCfg = Debug|Any CPU
		{E7CCDB1C-18C1-4DB4-B185-8AEB12E7CF70}.Debug|ARM.Build.0 = Debug|Any CPU
		{E7CCDB1C-18C1-4DB4-B185-8AEB12E7CF70}.Debug|x64.ActiveCfg = Debug|Any CPU
		{E7CCDB1C-18C1-4DB4-B185-8AEB12E7CF70}.Debug|x64.Build.0 = Debug|Any CPU
		{E7CCDB1C-18C1-4DB4-B185-8AEB12E7CF70}.Debug|x86.ActiveCfg = Debug|Any CPU
		{E7CCDB1C-18C1-4DB4-B185-8AEB12E7CF70}.Debug|x86.Build.0 = Debug|Any CPU
		{E7CCDB1C-18C1-4DB4-B185-8AEB12E7CF70}.Release|Any CPU.ActiveCfg = Release|Any CPU
		{E7CCDB1C-18C1-4DB4-B185-8AEB12E7CF70}.Release|Any CPU.Build.0 = Release|Any CPU
		{E7CCDB1C-18C1-4DB4-B185-8AEB12E7CF70}.Release|ARM.ActiveCfg = Release|Any CPU
		{E7CCDB1C-18C1-4DB4-B185-8AEB12E7CF70}.Release|ARM.Build.0 = Release|Any CPU
		{E7CCDB1C-18C1-4DB4-B185-8AEB12E7CF70}.Release|x64.ActiveCfg = Release|Any CPU
		{E7CCDB1C-18C1-4DB4-B185-8AEB12E7CF70}.Release|x64.Build.0 = Release|Any CPU
		{E7CCDB1C-18C1-4DB4-B185-8AEB12E7CF70}.Release|x86.ActiveCfg = Release|Any CPU
		{E7CCDB1C-18C1-4DB4-B185-8AEB12E7CF70}.Release|x86.Build.0 = Release|Any CPU
		{9FEB2EDF-6169-4510-9C45-15A0CAB3171E}.Debug|Any CPU.ActiveCfg = Debug|Any CPU
		{9FEB2EDF-6169-4510-9C45-15A0CAB3171E}.Debug|Any CPU.Build.0 = Debug|Any CPU
		{9FEB2EDF-6169-4510-9C45-15A0CAB3171E}.Debug|ARM.ActiveCfg = Debug|Any CPU
		{9FEB2EDF-6169-4510-9C45-15A0CAB3171E}.Debug|ARM.Build.0 = Debug|Any CPU
		{9FEB2EDF-6169-4510-9C45-15A0CAB3171E}.Debug|x64.ActiveCfg = Debug|Any CPU
		{9FEB2EDF-6169-4510-9C45-15A0CAB3171E}.Debug|x64.Build.0 = Debug|Any CPU
		{9FEB2EDF-6169-4510-9C45-15A0CAB3171E}.Debug|x86.ActiveCfg = Debug|Any CPU
		{9FEB2EDF-6169-4510-9C45-15A0CAB3171E}.Debug|x86.Build.0 = Debug|Any CPU
		{9FEB2EDF-6169-4510-9C45-15A0CAB3171E}.Release|Any CPU.ActiveCfg = Release|Any CPU
		{9FEB2EDF-6169-4510-9C45-15A0CAB3171E}.Release|Any CPU.Build.0 = Release|Any CPU
		{9FEB2EDF-6169-4510-9C45-15A0CAB3171E}.Release|ARM.ActiveCfg = Release|Any CPU
		{9FEB2EDF-6169-4510-9C45-15A0CAB3171E}.Release|ARM.Build.0 = Release|Any CPU
		{9FEB2EDF-6169-4510-9C45-15A0CAB3171E}.Release|x64.ActiveCfg = Release|Any CPU
		{9FEB2EDF-6169-4510-9C45-15A0CAB3171E}.Release|x64.Build.0 = Release|Any CPU
		{9FEB2EDF-6169-4510-9C45-15A0CAB3171E}.Release|x86.ActiveCfg = Release|Any CPU
		{9FEB2EDF-6169-4510-9C45-15A0CAB3171E}.Release|x86.Build.0 = Release|Any CPU
		{85AA84F7-5B07-4352-A0ED-B60A9501930C}.Debug|Any CPU.ActiveCfg = Debug|Any CPU
		{85AA84F7-5B07-4352-A0ED-B60A9501930C}.Debug|Any CPU.Build.0 = Debug|Any CPU
		{85AA84F7-5B07-4352-A0ED-B60A9501930C}.Debug|ARM.ActiveCfg = Debug|Any CPU
		{85AA84F7-5B07-4352-A0ED-B60A9501930C}.Debug|ARM.Build.0 = Debug|Any CPU
		{85AA84F7-5B07-4352-A0ED-B60A9501930C}.Debug|x64.ActiveCfg = Debug|Any CPU
		{85AA84F7-5B07-4352-A0ED-B60A9501930C}.Debug|x64.Build.0 = Debug|Any CPU
		{85AA84F7-5B07-4352-A0ED-B60A9501930C}.Debug|x86.ActiveCfg = Debug|Any CPU
		{85AA84F7-5B07-4352-A0ED-B60A9501930C}.Debug|x86.Build.0 = Debug|Any CPU
		{85AA84F7-5B07-4352-A0ED-B60A9501930C}.Release|Any CPU.ActiveCfg = Release|Any CPU
		{85AA84F7-5B07-4352-A0ED-B60A9501930C}.Release|Any CPU.Build.0 = Release|Any CPU
		{85AA84F7-5B07-4352-A0ED-B60A9501930C}.Release|ARM.ActiveCfg = Release|Any CPU
		{85AA84F7-5B07-4352-A0ED-B60A9501930C}.Release|ARM.Build.0 = Release|Any CPU
		{85AA84F7-5B07-4352-A0ED-B60A9501930C}.Release|x64.ActiveCfg = Release|Any CPU
		{85AA84F7-5B07-4352-A0ED-B60A9501930C}.Release|x64.Build.0 = Release|Any CPU
		{85AA84F7-5B07-4352-A0ED-B60A9501930C}.Release|x86.ActiveCfg = Release|Any CPU
		{85AA84F7-5B07-4352-A0ED-B60A9501930C}.Release|x86.Build.0 = Release|Any CPU
		{C260923F-C832-4F00-AEAB-B95CBDDA975A}.Debug|Any CPU.ActiveCfg = Debug|Any CPU
		{C260923F-C832-4F00-AEAB-B95CBDDA975A}.Debug|Any CPU.Build.0 = Debug|Any CPU
		{C260923F-C832-4F00-AEAB-B95CBDDA975A}.Debug|ARM.ActiveCfg = Debug|Any CPU
		{C260923F-C832-4F00-AEAB-B95CBDDA975A}.Debug|ARM.Build.0 = Debug|Any CPU
		{C260923F-C832-4F00-AEAB-B95CBDDA975A}.Debug|x64.ActiveCfg = Debug|Any CPU
		{C260923F-C832-4F00-AEAB-B95CBDDA975A}.Debug|x64.Build.0 = Debug|Any CPU
		{C260923F-C832-4F00-AEAB-B95CBDDA975A}.Debug|x86.ActiveCfg = Debug|Any CPU
		{C260923F-C832-4F00-AEAB-B95CBDDA975A}.Debug|x86.Build.0 = Debug|Any CPU
		{C260923F-C832-4F00-AEAB-B95CBDDA975A}.Release|Any CPU.ActiveCfg = Release|Any CPU
		{C260923F-C832-4F00-AEAB-B95CBDDA975A}.Release|Any CPU.Build.0 = Release|Any CPU
		{C260923F-C832-4F00-AEAB-B95CBDDA975A}.Release|ARM.ActiveCfg = Release|Any CPU
		{C260923F-C832-4F00-AEAB-B95CBDDA975A}.Release|ARM.Build.0 = Release|Any CPU
		{C260923F-C832-4F00-AEAB-B95CBDDA975A}.Release|x64.ActiveCfg = Release|Any CPU
		{C260923F-C832-4F00-AEAB-B95CBDDA975A}.Release|x64.Build.0 = Release|Any CPU
		{C260923F-C832-4F00-AEAB-B95CBDDA975A}.Release|x86.ActiveCfg = Release|Any CPU
		{C260923F-C832-4F00-AEAB-B95CBDDA975A}.Release|x86.Build.0 = Release|Any CPU
		{04B25D70-C5C5-4A36-BB4A-34F94424E3A0}.Debug|Any CPU.ActiveCfg = Debug|Any CPU
		{04B25D70-C5C5-4A36-BB4A-34F94424E3A0}.Debug|Any CPU.Build.0 = Debug|Any CPU
		{04B25D70-C5C5-4A36-BB4A-34F94424E3A0}.Debug|ARM.ActiveCfg = Debug|Any CPU
		{04B25D70-C5C5-4A36-BB4A-34F94424E3A0}.Debug|ARM.Build.0 = Debug|Any CPU
		{04B25D70-C5C5-4A36-BB4A-34F94424E3A0}.Debug|x64.ActiveCfg = Debug|Any CPU
		{04B25D70-C5C5-4A36-BB4A-34F94424E3A0}.Debug|x64.Build.0 = Debug|Any CPU
		{04B25D70-C5C5-4A36-BB4A-34F94424E3A0}.Debug|x86.ActiveCfg = Debug|Any CPU
		{04B25D70-C5C5-4A36-BB4A-34F94424E3A0}.Debug|x86.Build.0 = Debug|Any CPU
		{04B25D70-C5C5-4A36-BB4A-34F94424E3A0}.Release|Any CPU.ActiveCfg = Release|Any CPU
		{04B25D70-C5C5-4A36-BB4A-34F94424E3A0}.Release|Any CPU.Build.0 = Release|Any CPU
		{04B25D70-C5C5-4A36-BB4A-34F94424E3A0}.Release|ARM.ActiveCfg = Release|Any CPU
		{04B25D70-C5C5-4A36-BB4A-34F94424E3A0}.Release|ARM.Build.0 = Release|Any CPU
		{04B25D70-C5C5-4A36-BB4A-34F94424E3A0}.Release|x64.ActiveCfg = Release|Any CPU
		{04B25D70-C5C5-4A36-BB4A-34F94424E3A0}.Release|x64.Build.0 = Release|Any CPU
		{04B25D70-C5C5-4A36-BB4A-34F94424E3A0}.Release|x86.ActiveCfg = Release|Any CPU
		{04B25D70-C5C5-4A36-BB4A-34F94424E3A0}.Release|x86.Build.0 = Release|Any CPU
	EndGlobalSection
	GlobalSection(SolutionProperties) = preSolution
		HideSolutionNode = FALSE
	EndGlobalSection
EndGlobal
